{
  "name": "Storzi",
  "lockfileVersion": 3,
  "requires": true,
  "packages": {
    "": {
      "dependencies": {
        "jelka": "^0.2.1"
      },
      "devDependencies": {
        "prettier": "^3.4.1"
      }
    },
    "node_modules/jelka": {
      "version": "0.2.1",
      "resolved": "https://registry.npmjs.org/jelka/-/jelka-0.2.1.tgz",
      "integrity": "sha512-dRGZmaFWM3c8TUb3QeiTan/ZoWAdd1UT1YCesCRk9n4jBzUXzaHSxQzM3KwPN+f8tK5sTnUEBC+XORydWZMPDQ==",
      "license": "MIT"
    },
    "node_modules/prettier": {
      "version": "3.4.2",
      "resolved": "https://registry.npmjs.org/prettier/-/prettier-3.4.2.tgz",
      "integrity": "sha512-e9MewbtFo+Fevyuxn/4rrcDAaq0IYxPGLvObpQjiZBMAzB9IGmzlnG9RZy3FFas+eBMu2vA0CszMeduow5dIuQ==",
      "dev": true,
      "license": "MIT",
      "bin": {
        "prettier": "bin/prettier.cjs"
      },
      "engines": {
        "node": ">=14"
      },
      "funding": {
        "url": "https://github.com/prettier/prettier?sponsor=1"
      }
    }
  }
}
