{
  "name": "javascript",
  "lockfileVersion": 3,
  "requires": true,
  "packages": {
    "": {
      "dependencies": {
        "jelka": "^0.2.2"
      }
    },
    "node_modules/jelka": {
      "version": "0.2.2",
      "resolved": "https://registry.npmjs.org/jelka/-/jelka-0.2.2.tgz",
      "integrity": "sha512-cl5u9ybtGdz8MPM39My1nLjRymhmdkZ9AzM+J9L5/SgElnnlI++CzMd/5ce+0MsJGY3+bZsdElBVWhThaRts/g==",
      "license": "MIT"
    }
  }
}
