{
  "name": "javascript",
  "lockfileVersion": 3,
  "requires": true,
  "packages": {
    "": {
      "dependencies": {
        "jelka": "^0.2.1"
      }
    },
    "node_modules/jelka": {
      "version": "0.2.1",
      "resolved": "https://registry.npmjs.org/jelka/-/jelka-0.2.1.tgz",
      "integrity": "sha512-dRGZmaFWM3c8TUb3QeiTan/ZoWAdd1UT1YCesCRk9n4jBzUXzaHSxQzM3KwPN+f8tK5sTnUEBC+XORydWZMPDQ==",
      "license": "MIT"
    }
  }
}
